
Microsoft Visual Studio Solution File, Format Version 12.00
# Visual Studio Version 17
VisualStudioVersion = 17.4.33213.308
MinimumVisualStudioVersion = 10.0.40219.1
Project("{FAE04EC0-301F-11D3-BF4B-00C04F79EFBC}") = "HCS", "HCS\HCS.csproj", "{BBFF9048-1828-4E4D-B986-73CFB14BEF2E}"
EndProject
Global
	GlobalSection(SolutionConfigurationPlatforms) = preSolution
		Debug|Any CPU = Debug|Any CPU
		Release|Any CPU = Release|Any CPU
	EndGlobalSection
	GlobalSection(ProjectConfigurationPlatforms) = postSolution
		{BBFF9048-1828-4E4D-B986-73CFB14BEF2E}.Debug|Any CPU.ActiveCfg = Debug|Any CPU
		{BBFF9048-1828-4E4D-B986-73CFB14BEF2E}.Debug|Any CPU.Build.0 = Debug|Any CPU
		{BBFF9048-1828-4E4D-B986-73CFB14BEF2E}.Release|Any CPU.ActiveCfg = Release|Any CPU
		{BBFF9048-1828-4E4D-B986-73CFB14BEF2E}.Release|Any CPU.Build.0 = Release|Any CPU
	EndGlobalSection
	GlobalSection(SolutionProperties) = preSolution
		HideSolutionNode = FALSE
	EndGlobalSection
	GlobalSection(ExtensibilityGlobals) = postSolution
		SolutionGuid = {A23EBAD8-C223-414A-A3E3-E6B5640E1EC0}
	EndGlobalSection
EndGlobal
